version = 1
revision = 3
requires-python = ">=3.13"

[[package]]
name = "dsmr2mqtt"
version = "4.0.2"
source = { virtual = "." }
dependencies = [
    { name = "packaging" },
    { name = "paho-mqtt" },
    { name = "persist-queue" },
    { name = "pyserial" },
]

[package.metadata]
requires-dist = [
    { name = "packaging", specifier = ">=23.0" },
    { name = "paho-mqtt", specifier = ">=2.0.0" },
    { name = "persist-queue", specifier = ">=0.8.0" },
    { name = "pyserial", specifier = ">=3.5" },
]

[package.metadata.requires-dev]
dev = []

[[package]]
name = "packaging"
version = "25.0"
source = { registry = "https://pypi.org/simple" }
sdist = { url = "https://files.pythonhosted.org/packages/a1/d4/1fc4078c65507b51b96ca8f8c3ba19e6a61c8253c72794544580a7b6c24d/packaging-25.0.tar.gz", hash = "sha256:d443872c98d677bf60f6a1f2f8c1cb748e8fe762d2bf9d3148b5599295b0fc4f", size = 165727, upload-time = "2025-04-19T11:48:59.673Z" }
wheels = [
    { url = "https://files.pythonhosted.org/packages/20/12/38679034af332785aac8774540895e234f4d07f7545804097de4b666afd8/packaging-25.0-py3-none-any.whl", hash = "sha256:29572ef2b1f17581046b3a2227d5c611fb25ec70ca1ba8554b24b0e69331a484", size = 66469, upload-time = "2025-04-19T11:48:57.875Z" },
]

[[package]]
name = "paho-mqtt"
version = "2.1.0"
source = { registry = "https://pypi.org/simple" }
sdist = { url = "https://files.pythonhosted.org/packages/39/15/0a6214e76d4d32e7f663b109cf71fb22561c2be0f701d67f93950cd40542/paho_mqtt-2.1.0.tar.gz", hash = "sha256:12d6e7511d4137555a3f6ea167ae846af2c7357b10bc6fa4f7c3968fc1723834", size = 148848, upload-time = "2024-04-29T19:52:55.591Z" }
wheels = [
    { url = "https://files.pythonhosted.org/packages/c4/cb/00451c3cf31790287768bb12c6bec834f5d292eaf3022afc88e14b8afc94/paho_mqtt-2.1.0-py3-none-any.whl", hash = "sha256:6db9ba9b34ed5bc6b6e3812718c7e06e2fd7444540df2455d2c51bd58808feee", size = 67219, upload-time = "2024-04-29T19:52:48.345Z" },
]

[[package]]
name = "persist-queue"
version = "1.1.0"
source = { registry = "https://pypi.org/simple" }
sdist = { url = "https://files.pythonhosted.org/packages/2f/9e/865b2a173a272d2f52b0f50534e13c38c159877251a987e0863fc7376acd/persist_queue-1.1.0.tar.gz", hash = "sha256:4c042a3d39c9af4fa24497da76697fb4fff7abe6af04bcf55f099e0c23bc2c67", size = 39294, upload-time = "2025-10-25T13:21:28.339Z" }
wheels = [
    { url = "https://files.pythonhosted.org/packages/07/88/7248345679ad5001cdc0211eb83303c62659f86ae7024170c0bc0afd4e4e/persist_queue-1.1.0-py3-none-any.whl", hash = "sha256:be431ad90cd57621be5563dcd2424e21d81db3bb8cdfb918ade722369d640763", size = 53076, upload-time = "2025-10-25T13:21:26.577Z" },
]

[[package]]
name = "pyserial"
version = "3.5"
source = { registry = "https://pypi.org/simple" }
sdist = { url = "https://files.pythonhosted.org/packages/1e/7d/ae3f0a63f41e4d2f6cb66a5b57197850f919f59e558159a4dd3a818f5082/pyserial-3.5.tar.gz", hash = "sha256:3c77e014170dfffbd816e6ffc205e9842efb10be9f58ec16d3e8675b4925cddb", size = 159125, upload-time = "2020-11-23T03:59:15.045Z" }
wheels = [
    { url = "https://files.pythonhosted.org/packages/07/bc/587a445451b253b285629263eb51c2d8e9bcea4fc97826266d186f96f558/pyserial-3.5-py2.py3-none-any.whl", hash = "sha256:c4451db6ba391ca6ca299fb3ec7bae67a5c55dde170964c7a14ceefec02f2cf0", size = 90585, upload-time = "2020-11-23T03:59:13.41Z" },
]
